
Microsoft Visual Studio Solution File, Format Version 12.00
# Visual Studio Version 17
VisualStudioVersion = 17.9.34902.65
MinimumVisualStudioVersion = 10.0.40219.1
Project("{FAE04EC0-301F-11D3-BF4B-00C04F79EFBC}") = "GradeCalculator", "GradeCalculator\GradeCalculator.csproj", "{0AF6B92D-7787-4067-B056-CBDE9C54A68D}"
EndProject
Global
	GlobalSection(SolutionConfigurationPlatforms) = preSolution
		Debug|Any CPU = Debug|Any CPU
		Release|Any CPU = Release|Any CPU
	EndGlobalSection
	GlobalSection(ProjectConfigurationPlatforms) = postSolution
		{0AF6B92D-7787-4067-B056-CBDE9C54A68D}.Debug|Any CPU.ActiveCfg = Debug|Any CPU
		{0AF6B92D-7787-4067-B056-CBDE9C54A68D}.Debug|Any CPU.Build.0 = Debug|Any CPU
		{0AF6B92D-7787-4067-B056-CBDE9C54A68D}.Release|Any CPU.ActiveCfg = Release|Any CPU
		{0AF6B92D-7787-4067-B056-CBDE9C54A68D}.Release|Any CPU.Build.0 = Release|Any CPU
	EndGlobalSection
	GlobalSection(SolutionProperties) = preSolution
		HideSolutionNode = FALSE
	EndGlobalSection
	GlobalSection(ExtensibilityGlobals) = postSolution
		SolutionGuid = {C005450A-C5D1-4949-8D6B-D04B91F92B9B}
	EndGlobalSection
EndGlobal
